
Microsoft Visual Studio Solution File, Format Version 12.00
# Visual Studio Version 17
VisualStudioVersion = 17.12.35527.113
MinimumVisualStudioVersion = 10.0.40219.1
Project("{FAE04EC0-301F-11D3-BF4B-00C04F79EFBC}") = "VintageCashCowTechTestUI", "VintageCashCowTechTestUI\VintageCashCowTechTestUI\VintageCashCowTechTestUI.csproj", "{A26ADF48-8BE7-4E90-9F09-88E4D1367E48}"
EndProject
Project("{FAE04EC0-301F-11D3-BF4B-00C04F79EFBC}") = "VintageCashCowTechTestUI.Client", "VintageCashCowTechTestUI\VintageCashCowTechTestUI.Client\VintageCashCowTechTestUI.Client.csproj", "{3B46E086-6D9F-45A0-9E6C-58AFA4D3EF68}"
EndProject
Project("{FAE04EC0-301F-11D3-BF4B-00C04F79EFBC}") = "VintageCashCowTechTestUI.Client.Tests.Unit", "VintageCashCowTechTestUI.Client.Tests.Unit\VintageCashCowTechTestUI.Client.Tests.Unit.csproj", "{C59BBD01-0A4E-4FC7-9247-DD7144C09F86}"
EndProject
Global
	GlobalSection(SolutionConfigurationPlatforms) = preSolution
		Debug|Any CPU = Debug|Any CPU
		Release|Any CPU = Release|Any CPU
	EndGlobalSection
	GlobalSection(ProjectConfigurationPlatforms) = postSolution
		{A26ADF48-8BE7-4E90-9F09-88E4D1367E48}.Debug|Any CPU.ActiveCfg = Debug|Any CPU
		{A26ADF48-8BE7-4E90-9F09-88E4D1367E48}.Debug|Any CPU.Build.0 = Debug|Any CPU
		{A26ADF48-8BE7-4E90-9F09-88E4D1367E48}.Release|Any CPU.ActiveCfg = Release|Any CPU
		{A26ADF48-8BE7-4E90-9F09-88E4D1367E48}.Release|Any CPU.Build.0 = Release|Any CPU
		{3B46E086-6D9F-45A0-9E6C-58AFA4D3EF68}.Debug|Any CPU.ActiveCfg = Debug|Any CPU
		{3B46E086-6D9F-45A0-9E6C-58AFA4D3EF68}.Debug|Any CPU.Build.0 = Debug|Any CPU
		{3B46E086-6D9F-45A0-9E6C-58AFA4D3EF68}.Release|Any CPU.ActiveCfg = Release|Any CPU
		{3B46E086-6D9F-45A0-9E6C-58AFA4D3EF68}.Release|Any CPU.Build.0 = Release|Any CPU
		{C59BBD01-0A4E-4FC7-9247-DD7144C09F86}.Debug|Any CPU.ActiveCfg = Debug|Any CPU
		{C59BBD01-0A4E-4FC7-9247-DD7144C09F86}.Debug|Any CPU.Build.0 = Debug|Any CPU
		{C59BBD01-0A4E-4FC7-9247-DD7144C09F86}.Release|Any CPU.ActiveCfg = Release|Any CPU
		{C59BBD01-0A4E-4FC7-9247-DD7144C09F86}.Release|Any CPU.Build.0 = Release|Any CPU
	EndGlobalSection
	GlobalSection(SolutionProperties) = preSolution
		HideSolutionNode = FALSE
	EndGlobalSection
EndGlobal
